
Microsoft Visual Studio Solution File, Format Version 12.00
# Visual Studio Version 17
VisualStudioVersion = 17.3.32721.290
MinimumVisualStudioVersion = 10.0.40219.1
Project("{FAE04EC0-301F-11D3-BF4B-00C04F79EFBC}") = "CaloriesCalculator.StartUp", "CaloriesCalculator.StartUp\CaloriesCalculator.StartUp.csproj", "{99A475A8-CAC0-49E1-84FE-E1F4B6552EB2}"
EndProject
Project("{FAE04EC0-301F-11D3-BF4B-00C04F79EFBC}") = "CaloriesCalculator.Models", "CaloriesCalculator.Models\CaloriesCalculator.Models.csproj", "{A76811EE-0950-4D2C-BF89-F3439E64FD54}"
EndProject
Global
	GlobalSection(SolutionConfigurationPlatforms) = preSolution
		Debug|Any CPU = Debug|Any CPU
		Release|Any CPU = Release|Any CPU
	EndGlobalSection
	GlobalSection(ProjectConfigurationPlatforms) = postSolution
		{99A475A8-CAC0-49E1-84FE-E1F4B6552EB2}.Debug|Any CPU.ActiveCfg = Debug|Any CPU
		{99A475A8-CAC0-49E1-84FE-E1F4B6552EB2}.Debug|Any CPU.Build.0 = Debug|Any CPU
		{99A475A8-CAC0-49E1-84FE-E1F4B6552EB2}.Release|Any CPU.ActiveCfg = Release|Any CPU
		{99A475A8-CAC0-49E1-84FE-E1F4B6552EB2}.Release|Any CPU.Build.0 = Release|Any CPU
		{A76811EE-0950-4D2C-BF89-F3439E64FD54}.Debug|Any CPU.ActiveCfg = Debug|Any CPU
		{A76811EE-0950-4D2C-BF89-F3439E64FD54}.Debug|Any CPU.Build.0 = Debug|Any CPU
		{A76811EE-0950-4D2C-BF89-F3439E64FD54}.Release|Any CPU.ActiveCfg = Release|Any CPU
		{A76811EE-0950-4D2C-BF89-F3439E64FD54}.Release|Any CPU.Build.0 = Release|Any CPU
	EndGlobalSection
	GlobalSection(SolutionProperties) = preSolution
		HideSolutionNode = FALSE
	EndGlobalSection
	GlobalSection(ExtensibilityGlobals) = postSolution
		SolutionGuid = {C78753E6-09F8-4715-A775-5900F11C58ED}
	EndGlobalSection
EndGlobal
